
Microsoft Visual Studio Solution File, Format Version 12.00
# Visual Studio Version 16
VisualStudioVersion = 16.0.28705.295
MinimumVisualStudioVersion = 10.0.40219.1
Project("{FAE04EC0-301F-11D3-BF4B-00C04F79EFBC}") = "mercurynorth_netcore", "mercurynorth_netcore\mercurynorth_netcore.csproj", "{A3226E16-021A-4C15-A0E4-7A61C3BBAAAF}"
EndProject
Global
	GlobalSection(SolutionConfigurationPlatforms) = preSolution
		Debug|Any CPU = Debug|Any CPU
		Release|Any CPU = Release|Any CPU
	EndGlobalSection
	GlobalSection(ProjectConfigurationPlatforms) = postSolution
		{A3226E16-021A-4C15-A0E4-7A61C3BBAAAF}.Debug|Any CPU.ActiveCfg = Debug|Any CPU
		{A3226E16-021A-4C15-A0E4-7A61C3BBAAAF}.Debug|Any CPU.Build.0 = Debug|Any CPU
		{A3226E16-021A-4C15-A0E4-7A61C3BBAAAF}.Release|Any CPU.ActiveCfg = Release|Any CPU
		{A3226E16-021A-4C15-A0E4-7A61C3BBAAAF}.Release|Any CPU.Build.0 = Release|Any CPU
	EndGlobalSection
	GlobalSection(SolutionProperties) = preSolution
		HideSolutionNode = FALSE
	EndGlobalSection
	GlobalSection(ExtensibilityGlobals) = postSolution
		SolutionGuid = {6BDB9105-12AB-4ADE-99CC-0C82001F4D3B}
	EndGlobalSection
EndGlobal
